
Microsoft Visual Studio Solution File, Format Version 12.00
# Visual Studio Version 16
VisualStudioVersion = 16.0.31702.278
MinimumVisualStudioVersion = 10.0.40219.1
Project("{FAE04EC0-301F-11D3-BF4B-00C04F79EFBC}") = "ProbnicLab1", "ProbnicLab1\ProbnicLab1.csproj", "{DBE4B435-4524-46D5-8FCC-F4EABB3AFE1E}"
EndProject
Global
	GlobalSection(SolutionConfigurationPlatforms) = preSolution
		Debug|Any CPU = Debug|Any CPU
		Release|Any CPU = Release|Any CPU
	EndGlobalSection
	GlobalSection(ProjectConfigurationPlatforms) = postSolution
		{DBE4B435-4524-46D5-8FCC-F4EABB3AFE1E}.Debug|Any CPU.ActiveCfg = Debug|Any CPU
		{DBE4B435-4524-46D5-8FCC-F4EABB3AFE1E}.Debug|Any CPU.Build.0 = Debug|Any CPU
		{DBE4B435-4524-46D5-8FCC-F4EABB3AFE1E}.Release|Any CPU.ActiveCfg = Release|Any CPU
		{DBE4B435-4524-46D5-8FCC-F4EABB3AFE1E}.Release|Any CPU.Build.0 = Release|Any CPU
	EndGlobalSection
	GlobalSection(SolutionProperties) = preSolution
		HideSolutionNode = FALSE
	EndGlobalSection
	GlobalSection(ExtensibilityGlobals) = postSolution
		SolutionGuid = {776805DE-EB3E-490C-BA87-3B149CE8ACEE}
	EndGlobalSection
EndGlobal
